<?xml version="1.0" encoding="utf-8"?>
<Project ToolsVersion="4.0" xmlns="http://schemas.microsoft.com/developer/msbuild/2003">
  <ItemGroup>
    <Filter Include="源文件">
      <UniqueIdentifier>{4FC737F1-C7A5-4376-A066-2A32D752A2FF}</UniqueIdentifier>
      <Extensions>cpp;c;cc;cxx;def;odl;idl;hpj;bat;asm;asmx</Extensions>
    </Filter>
    <Filter Include="头文件">
      <UniqueIdentifier>{93995380-89BD-4b04-88EB-625FBE52EBFB}</UniqueIdentifier>
      <Extensions>h;hh;hpp;hxx;hm;inl;inc;xsd</Extensions>
    </Filter>
    <Filter Include="资源文件">
      <UniqueIdentifier>{67DA6AB6-F800-4c08-8B7A-83BB121AAD01}</UniqueIdentifier>
      <Extensions>rc;ico;cur;bmp;dlg;rc2;rct;bin;rgs;gif;jpg;jpeg;jpe;resx;tiff;tif;png;wav;mfcribbon-ms</Extensions>
    </Filter>
  </ItemGroup>
  <ItemGroup>
    <Text Include="ReadMe.txt" />
  </ItemGroup>
  <ItemGroup>
    <ClInclude Include="FemasContest.h">
      <Filter>头文件</Filter>
    </ClInclude>
    <ClInclude Include="FemasContestDlg.h">
      <Filter>头文件</Filter>
    </ClInclude>
    <ClInclude Include="stdafx.h">
      <Filter>头文件</Filter>
    </ClInclude>
    <ClInclude Include="targetver.h">
      <Filter>头文件</Filter>
    </ClInclude>
    <ClInclude Include="Resource.h">
      <Filter>头文件</Filter>
    </ClInclude>
    <ClInclude Include="LoginDialog.h">
      <Filter>头文件</Filter>
    </ClInclude>
    <ClInclude Include="USTPFtdcMduserApi.h">
      <Filter>头文件</Filter>
    </ClInclude>
    <ClInclude Include="USTPFtdcTraderApi.h">
      <Filter>头文件</Filter>
    </ClInclude>
    <ClInclude Include="USTPFtdcUserApiDataType.h">
      <Filter>头文件</Filter>
    </ClInclude>
    <ClInclude Include="USTPFtdcUserApiStruct.h">
      <Filter>头文件</Filter>
    </ClInclude>
    <ClInclude Include="MdUserHandler.h">
      <Filter>头文件</Filter>
    </ClInclude>
    <ClInclude Include="TraderHandler.h">
      <Filter>头文件</Filter>
    </ClInclude>
    <ClInclude Include="InsertLimitPage.h">
      <Filter>头文件</Filter>
    </ClInclude>
    <ClInclude Include="InsertMarketPage.h">
      <Filter>头文件</Filter>
    </ClInclude>
    <ClInclude Include="ConsoleDialog.h">
      <Filter>头文件</Filter>
    </ClInclude>
    <ClInclude Include="ContractsDialog.h">
      <Filter>头文件</Filter>
    </ClInclude>
    <ClInclude Include="PagePositionInfo.h">
      <Filter>头文件</Filter>
    </ClInclude>
    <ClInclude Include="PageTradeInfo.h">
      <Filter>头文件</Filter>
    </ClInclude>
    <ClInclude Include="PageOrderInfo.h">
      <Filter>头文件</Filter>
    </ClInclude>
    <ClInclude Include="ChartDlg.h">
      <Filter>头文件</Filter>
    </ClInclude>
    <ClInclude Include="minuteMarketData.h">
      <Filter>头文件</Filter>
    </ClInclude>
    <ClInclude Include="lastMarketData.h">
      <Filter>头文件</Filter>
    </ClInclude>
    <ClInclude Include="TradeStrategy.h">
      <Filter>头文件</Filter>
    </ClInclude>
    <ClInclude Include="TradeExcecutor.h">
      <Filter>头文件</Filter>
    </ClInclude>
    <ClInclude Include="StrategyManager.h">
      <Filter>头文件</Filter>
    </ClInclude>
    <ClInclude Include="TradeManager.h">
      <Filter>头文件</Filter>
    </ClInclude>
  </ItemGroup>
  <ItemGroup>
    <ClCompile Include="FemasContest.cpp">
      <Filter>源文件</Filter>
    </ClCompile>
    <ClCompile Include="FemasContestDlg.cpp">
      <Filter>源文件</Filter>
    </ClCompile>
    <ClCompile Include="stdafx.cpp">
      <Filter>源文件</Filter>
    </ClCompile>
    <ClCompile Include="LoginDialog.cpp">
      <Filter>源文件</Filter>
    </ClCompile>
    <ClCompile Include="MdUserHandler.cpp">
      <Filter>源文件</Filter>
    </ClCompile>
    <ClCompile Include="TraderHandler.cpp">
      <Filter>源文件</Filter>
    </ClCompile>
    <ClCompile Include="InsertLimitPage.cpp">
      <Filter>源文件</Filter>
    </ClCompile>
    <ClCompile Include="InsertMarketPage.cpp">
      <Filter>源文件</Filter>
    </ClCompile>
    <ClCompile Include="PublicResource.cpp">
      <Filter>源文件</Filter>
    </ClCompile>
    <ClCompile Include="ConsoleDialog.cpp">
      <Filter>源文件</Filter>
    </ClCompile>
    <ClCompile Include="ContractsDialog.cpp">
      <Filter>源文件</Filter>
    </ClCompile>
    <ClCompile Include="PagePositionInfo.cpp">
      <Filter>源文件</Filter>
    </ClCompile>
    <ClCompile Include="PageTradeInfo.cpp">
      <Filter>源文件</Filter>
    </ClCompile>
    <ClCompile Include="PageOrderInfo.cpp">
      <Filter>源文件</Filter>
    </ClCompile>
    <ClCompile Include="ChartDlg.cpp">
      <Filter>源文件</Filter>
    </ClCompile>
    <ClCompile Include="minuteMarketData.cpp">
      <Filter>源文件</Filter>
    </ClCompile>
    <ClCompile Include="lastMarketData.cpp">
      <Filter>源文件</Filter>
    </ClCompile>
    <ClCompile Include="TradeStrategy.cpp">
      <Filter>源文件</Filter>
    </ClCompile>
    <ClCompile Include="TradeExcecutor.cpp">
      <Filter>源文件</Filter>
    </ClCompile>
    <ClCompile Include="Strategies.cpp">
      <Filter>源文件</Filter>
    </ClCompile>
    <ClCompile Include="StrategyManager.cpp">
      <Filter>源文件</Filter>
    </ClCompile>
    <ClCompile Include="TradeManager.cpp">
      <Filter>源文件</Filter>
    </ClCompile>
  </ItemGroup>
  <ItemGroup>
    <ResourceCompile Include="FemasContest.rc">
      <Filter>资源文件</Filter>
    </ResourceCompile>
  </ItemGroup>
  <ItemGroup>
    <None Include="res\FemasContest.rc2">
      <Filter>资源文件</Filter>
    </None>
  </ItemGroup>
  <ItemGroup>
    <Image Include="res\FemasContest.ico">
      <Filter>资源文件</Filter>
    </Image>
  </ItemGroup>
</Project>